
Microsoft Visual Studio Solution File, Format Version 12.00
# Visual Studio Version 17
VisualStudioVersion = 17.9.34714.143
MinimumVisualStudioVersion = 10.0.40219.1
Project("{FAE04EC0-301F-11D3-BF4B-00C04F79EFBC}") = "EncapsulationTask", "EncapsulationTask\EncapsulationTask.csproj", "{FAE686E3-43B1-4AA1-8101-F9EF7997F50B}"
EndProject
Global
	GlobalSection(SolutionConfigurationPlatforms) = preSolution
		Debug|Any CPU = Debug|Any CPU
		Release|Any CPU = Release|Any CPU
	EndGlobalSection
	GlobalSection(ProjectConfigurationPlatforms) = postSolution
		{FAE686E3-43B1-4AA1-8101-F9EF7997F50B}.Debug|Any CPU.ActiveCfg = Debug|Any CPU
		{FAE686E3-43B1-4AA1-8101-F9EF7997F50B}.Debug|Any CPU.Build.0 = Debug|Any CPU
		{FAE686E3-43B1-4AA1-8101-F9EF7997F50B}.Release|Any CPU.ActiveCfg = Release|Any CPU
		{FAE686E3-43B1-4AA1-8101-F9EF7997F50B}.Release|Any CPU.Build.0 = Release|Any CPU
	EndGlobalSection
	GlobalSection(SolutionProperties) = preSolution
		HideSolutionNode = FALSE
	EndGlobalSection
	GlobalSection(ExtensibilityGlobals) = postSolution
		SolutionGuid = {9310886D-7CC9-4A1C-A78F-D272E0C59AED}
	EndGlobalSection
EndGlobal
