
Microsoft Visual Studio Solution File, Format Version 12.00
# Visual Studio Version 17
VisualStudioVersion = 17.9.34714.143
MinimumVisualStudioVersion = 10.0.40219.1
Project("{FAE04EC0-301F-11D3-BF4B-00C04F79EFBC}") = "CustomList", "CustomList\CustomList.csproj", "{83683EF2-0111-4A51-A2F4-591633C64541}"
EndProject
Global
	GlobalSection(SolutionConfigurationPlatforms) = preSolution
		Debug|Any CPU = Debug|Any CPU
		Release|Any CPU = Release|Any CPU
	EndGlobalSection
	GlobalSection(ProjectConfigurationPlatforms) = postSolution
		{83683EF2-0111-4A51-A2F4-591633C64541}.Debug|Any CPU.ActiveCfg = Debug|Any CPU
		{83683EF2-0111-4A51-A2F4-591633C64541}.Debug|Any CPU.Build.0 = Debug|Any CPU
		{83683EF2-0111-4A51-A2F4-591633C64541}.Release|Any CPU.ActiveCfg = Release|Any CPU
		{83683EF2-0111-4A51-A2F4-591633C64541}.Release|Any CPU.Build.0 = Release|Any CPU
	EndGlobalSection
	GlobalSection(SolutionProperties) = preSolution
		HideSolutionNode = FALSE
	EndGlobalSection
	GlobalSection(ExtensibilityGlobals) = postSolution
		SolutionGuid = {296DACEC-6550-4E84-8847-4E9F5E3899FA}
	EndGlobalSection
EndGlobal
